
Microsoft Visual Studio Solution File, Format Version 12.00
# Visual Studio Version 17
VisualStudioVersion = 17.4.33213.308
MinimumVisualStudioVersion = 10.0.40219.1
Project("{2150E333-8FDC-42A3-9474-1A3956D46DE8}") = "FrontEnd", "FrontEnd", "{D53FBF20-518F-4D14-9D10-F601D58D5103}"
EndProject
Project("{9A19103F-16F7-4668-BE54-9A1E7A4F7556}") = "Mango.Web", "Mango.Web\Mango.Web.csproj", "{482A7C63-1880-494C-83EC-8A313B08CE9F}"
EndProject
Project("{2150E333-8FDC-42A3-9474-1A3956D46DE8}") = "Services", "Services", "{676A5EA2-919E-491D-89FB-68B788A1D728}"
EndProject
Project("{9A19103F-16F7-4668-BE54-9A1E7A4F7556}") = "Mango.Services.ProductApi", "Mango.Services.ProductApi\Mango.Services.ProductApi.csproj", "{6BC70C20-1E88-42BE-9E1D-E758AB54F1FB}"
EndProject
Project("{9A19103F-16F7-4668-BE54-9A1E7A4F7556}") = "Mango.Services.ShoppingCartAPI", "Mango.Services.ShoppingCartAPI\Mango.Services.ShoppingCartAPI.csproj", "{1B0FBCB8-4610-4117-9C85-B00EF7EAC87A}"
EndProject
Project("{9A19103F-16F7-4668-BE54-9A1E7A4F7556}") = "Mango.Services.CouponAPI", "Mango.Services.CouponAPI\Mango.Services.CouponAPI.csproj", "{663D8376-BD39-4418-9733-D9544383DC29}"
EndProject
Project("{2150E333-8FDC-42A3-9474-1A3956D46DE8}") = "Integration", "Integration", "{35B259ED-EB93-43A2-BC55-7EB88733B583}"
EndProject
Project("{FAE04EC0-301F-11D3-BF4B-00C04F79EFBC}") = "Mango.MessageBus", "Mango.MessageBus\Mango.MessageBus.csproj", "{7A899734-79F1-42EA-A1D7-C55A98CA2BA0}"
EndProject
Project("{9A19103F-16F7-4668-BE54-9A1E7A4F7556}") = "Mango.Service.OrderAPI", "Mango.Service.OrderAPI\Mango.Service.OrderAPI.csproj", "{5DFD0CC3-D3BE-4F9C-B5A3-918303C383D3}"
EndProject
Project("{2150E333-8FDC-42A3-9474-1A3956D46DE8}") = "Payments", "Payments", "{3DF92912-5657-4D39-8D60-8EC1E8E1CCF5}"
EndProject
Project("{9A19103F-16F7-4668-BE54-9A1E7A4F7556}") = "PaymentProcessor", "PaymentProcessor\PaymentProcessor.csproj", "{4AA800F1-70E0-43BD-B6BB-1DD40506BD5C}"
EndProject
Project("{9A19103F-16F7-4668-BE54-9A1E7A4F7556}") = "Mango.Services.PaymentAPI", "Mango.Services.PaymentAPI\Mango.Services.PaymentAPI.csproj", "{696E7D2A-0929-47BF-9ADB-CDE25E5D6E16}"
EndProject
Project("{FAE04EC0-301F-11D3-BF4B-00C04F79EFBC}") = "Mango.Services.Email", "Mango.Services.Email\Mango.Services.Email.csproj", "{C52AADDB-FD4A-420F-97D5-495B3803930B}"
EndProject
Project("{2150E333-8FDC-42A3-9474-1A3956D46DE8}") = "GateWay", "GateWay", "{2FF9BC9E-7AE6-4282-BE68-D5605121D028}"
EndProject
Project("{FAE04EC0-301F-11D3-BF4B-00C04F79EFBC}") = "Mango.GatewaySolution", "Mango.GatewaySolution\Mango.GatewaySolution.csproj", "{89B86BB7-838D-4900-9C3A-2BCD8E0778AE}"
EndProject
Global
	GlobalSection(SolutionConfigurationPlatforms) = preSolution
		Debug|Any CPU = Debug|Any CPU
		Release|Any CPU = Release|Any CPU
	EndGlobalSection
	GlobalSection(ProjectConfigurationPlatforms) = postSolution
		{482A7C63-1880-494C-83EC-8A313B08CE9F}.Debug|Any CPU.ActiveCfg = Debug|Any CPU
		{482A7C63-1880-494C-83EC-8A313B08CE9F}.Debug|Any CPU.Build.0 = Debug|Any CPU
		{482A7C63-1880-494C-83EC-8A313B08CE9F}.Release|Any CPU.ActiveCfg = Release|Any CPU
		{482A7C63-1880-494C-83EC-8A313B08CE9F}.Release|Any CPU.Build.0 = Release|Any CPU
		{6BC70C20-1E88-42BE-9E1D-E758AB54F1FB}.Debug|Any CPU.ActiveCfg = Debug|Any CPU
		{6BC70C20-1E88-42BE-9E1D-E758AB54F1FB}.Debug|Any CPU.Build.0 = Debug|Any CPU
		{6BC70C20-1E88-42BE-9E1D-E758AB54F1FB}.Release|Any CPU.ActiveCfg = Release|Any CPU
		{6BC70C20-1E88-42BE-9E1D-E758AB54F1FB}.Release|Any CPU.Build.0 = Release|Any CPU
		{1B0FBCB8-4610-4117-9C85-B00EF7EAC87A}.Debug|Any CPU.ActiveCfg = Debug|Any CPU
		{1B0FBCB8-4610-4117-9C85-B00EF7EAC87A}.Debug|Any CPU.Build.0 = Debug|Any CPU
		{1B0FBCB8-4610-4117-9C85-B00EF7EAC87A}.Release|Any CPU.ActiveCfg = Release|Any CPU
		{1B0FBCB8-4610-4117-9C85-B00EF7EAC87A}.Release|Any CPU.Build.0 = Release|Any CPU
		{663D8376-BD39-4418-9733-D9544383DC29}.Debug|Any CPU.ActiveCfg = Debug|Any CPU
		{663D8376-BD39-4418-9733-D9544383DC29}.Debug|Any CPU.Build.0 = Debug|Any CPU
		{663D8376-BD39-4418-9733-D9544383DC29}.Release|Any CPU.ActiveCfg = Release|Any CPU
		{663D8376-BD39-4418-9733-D9544383DC29}.Release|Any CPU.Build.0 = Release|Any CPU
		{7A899734-79F1-42EA-A1D7-C55A98CA2BA0}.Debug|Any CPU.ActiveCfg = Debug|Any CPU
		{7A899734-79F1-42EA-A1D7-C55A98CA2BA0}.Debug|Any CPU.Build.0 = Debug|Any CPU
		{7A899734-79F1-42EA-A1D7-C55A98CA2BA0}.Release|Any CPU.ActiveCfg = Release|Any CPU
		{7A899734-79F1-42EA-A1D7-C55A98CA2BA0}.Release|Any CPU.Build.0 = Release|Any CPU
		{5DFD0CC3-D3BE-4F9C-B5A3-918303C383D3}.Debug|Any CPU.ActiveCfg = Debug|Any CPU
		{5DFD0CC3-D3BE-4F9C-B5A3-918303C383D3}.Debug|Any CPU.Build.0 = Debug|Any CPU
		{5DFD0CC3-D3BE-4F9C-B5A3-918303C383D3}.Release|Any CPU.ActiveCfg = Release|Any CPU
		{5DFD0CC3-D3BE-4F9C-B5A3-918303C383D3}.Release|Any CPU.Build.0 = Release|Any CPU
		{4AA800F1-70E0-43BD-B6BB-1DD40506BD5C}.Debug|Any CPU.ActiveCfg = Debug|Any CPU
		{4AA800F1-70E0-43BD-B6BB-1DD40506BD5C}.Debug|Any CPU.Build.0 = Debug|Any CPU
		{4AA800F1-70E0-43BD-B6BB-1DD40506BD5C}.Release|Any CPU.ActiveCfg = Release|Any CPU
		{4AA800F1-70E0-43BD-B6BB-1DD40506BD5C}.Release|Any CPU.Build.0 = Release|Any CPU
		{696E7D2A-0929-47BF-9ADB-CDE25E5D6E16}.Debug|Any CPU.ActiveCfg = Debug|Any CPU
		{696E7D2A-0929-47BF-9ADB-CDE25E5D6E16}.Debug|Any CPU.Build.0 = Debug|Any CPU
		{696E7D2A-0929-47BF-9ADB-CDE25E5D6E16}.Release|Any CPU.ActiveCfg = Release|Any CPU
		{696E7D2A-0929-47BF-9ADB-CDE25E5D6E16}.Release|Any CPU.Build.0 = Release|Any CPU
		{C52AADDB-FD4A-420F-97D5-495B3803930B}.Debug|Any CPU.ActiveCfg = Debug|Any CPU
		{C52AADDB-FD4A-420F-97D5-495B3803930B}.Debug|Any CPU.Build.0 = Debug|Any CPU
		{C52AADDB-FD4A-420F-97D5-495B3803930B}.Release|Any CPU.ActiveCfg = Release|Any CPU
		{C52AADDB-FD4A-420F-97D5-495B3803930B}.Release|Any CPU.Build.0 = Release|Any CPU
		{89B86BB7-838D-4900-9C3A-2BCD8E0778AE}.Debug|Any CPU.ActiveCfg = Debug|Any CPU
		{89B86BB7-838D-4900-9C3A-2BCD8E0778AE}.Debug|Any CPU.Build.0 = Debug|Any CPU
		{89B86BB7-838D-4900-9C3A-2BCD8E0778AE}.Release|Any CPU.ActiveCfg = Release|Any CPU
		{89B86BB7-838D-4900-9C3A-2BCD8E0778AE}.Release|Any CPU.Build.0 = Release|Any CPU
	EndGlobalSection
	GlobalSection(SolutionProperties) = preSolution
		HideSolutionNode = FALSE
	EndGlobalSection
	GlobalSection(NestedProjects) = preSolution
		{482A7C63-1880-494C-83EC-8A313B08CE9F} = {D53FBF20-518F-4D14-9D10-F601D58D5103}
		{6BC70C20-1E88-42BE-9E1D-E758AB54F1FB} = {676A5EA2-919E-491D-89FB-68B788A1D728}
		{1B0FBCB8-4610-4117-9C85-B00EF7EAC87A} = {676A5EA2-919E-491D-89FB-68B788A1D728}
		{663D8376-BD39-4418-9733-D9544383DC29} = {676A5EA2-919E-491D-89FB-68B788A1D728}
		{7A899734-79F1-42EA-A1D7-C55A98CA2BA0} = {35B259ED-EB93-43A2-BC55-7EB88733B583}
		{5DFD0CC3-D3BE-4F9C-B5A3-918303C383D3} = {676A5EA2-919E-491D-89FB-68B788A1D728}
		{4AA800F1-70E0-43BD-B6BB-1DD40506BD5C} = {3DF92912-5657-4D39-8D60-8EC1E8E1CCF5}
		{696E7D2A-0929-47BF-9ADB-CDE25E5D6E16} = {676A5EA2-919E-491D-89FB-68B788A1D728}
		{C52AADDB-FD4A-420F-97D5-495B3803930B} = {676A5EA2-919E-491D-89FB-68B788A1D728}
		{89B86BB7-838D-4900-9C3A-2BCD8E0778AE} = {2FF9BC9E-7AE6-4282-BE68-D5605121D028}
	EndGlobalSection
	GlobalSection(ExtensibilityGlobals) = postSolution
		SolutionGuid = {BF3B5B46-2813-45DF-A827-28483DA50A99}
	EndGlobalSection
EndGlobal
